Microsoft Visual Studio Solution File, Format Version 12.00
# Visual Studio Version 17
VisualStudioVersion = 17.0.32112.339
MinimumVisualStudioVersion = 16.0.0.0
Project("{9A19103F-16F7-4668-BE54-9A1E7A4F7556}") = "AppX.Server", "Server\AppX.Server.csproj", "{8CE21BB2-0687-44B8-B31F-30CB2DEDB30E}"
EndProject
Project("{9A19103F-16F7-4668-BE54-9A1E7A4F7556}") = "AppX.Client", "Client\AppX.Client.csproj", "{7CCDDBAB-B1AD-4D23-9CB5-20C354DEA08A}"
EndProject
Project("{9A19103F-16F7-4668-BE54-9A1E7A4F7556}") = "AppX.Shared", "Shared\AppX.Shared.csproj", "{06996386-356F-4D02-8FF6-0F2FEF01A7E3}"
EndProject
Project("{2150E333-8FDC-42A3-9474-1A3956D46DE8}") = "Solution Items", "Solution Items", "{75014F9A-96DC-4F69-954B-F5A22DEFF8A1}"
	ProjectSection(SolutionItems) = preProject
		Login Issue.mp4 = Login Issue.mp4
	EndProjectSection
EndProject
Global
	GlobalSection(SolutionConfigurationPlatforms) = preSolution
		Debug|Any CPU = Debug|Any CPU
		Debug|x64 = Debug|x64
		Debug|x86 = Debug|x86
		Release|Any CPU = Release|Any CPU
		Release|x64 = Release|x64
		Release|x86 = Release|x86
	EndGlobalSection
	GlobalSection(ProjectConfigurationPlatforms) = postSolution
		{8CE21BB2-0687-44B8-B31F-30CB2DEDB30E}.Debug|Any CPU.ActiveCfg = Debug|Any CPU
		{8CE21BB2-0687-44B8-B31F-30CB2DEDB30E}.Debug|Any CPU.Build.0 = Debug|Any CPU
		{8CE21BB2-0687-44B8-B31F-30CB2DEDB30E}.Debug|x64.ActiveCfg = Debug|Any CPU
		{8CE21BB2-0687-44B8-B31F-30CB2DEDB30E}.Debug|x64.Build.0 = Debug|Any CPU
		{8CE21BB2-0687-44B8-B31F-30CB2DEDB30E}.Debug|x86.ActiveCfg = Debug|Any CPU
		{8CE21BB2-0687-44B8-B31F-30CB2DEDB30E}.Debug|x86.Build.0 = Debug|Any CPU
		{8CE21BB2-0687-44B8-B31F-30CB2DEDB30E}.Release|Any CPU.ActiveCfg = Release|Any CPU
		{8CE21BB2-0687-44B8-B31F-30CB2DEDB30E}.Release|Any CPU.Build.0 = Release|Any CPU
		{8CE21BB2-0687-44B8-B31F-30CB2DEDB30E}.Release|x64.ActiveCfg = Release|Any CPU
		{8CE21BB2-0687-44B8-B31F-30CB2DEDB30E}.Release|x64.Build.0 = Release|Any CPU
		{8CE21BB2-0687-44B8-B31F-30CB2DEDB30E}.Release|x86.ActiveCfg = Release|Any CPU
		{8CE21BB2-0687-44B8-B31F-30CB2DEDB30E}.Release|x86.Build.0 = Release|Any CPU
		{7CCDDBAB-B1AD-4D23-9CB5-20C354DEA08A}.Debug|Any CPU.ActiveCfg = Debug|Any CPU
		{7CCDDBAB-B1AD-4D23-9CB5-20C354DEA08A}.Debug|Any CPU.Build.0 = Debug|Any CPU
		{7CCDDBAB-B1AD-4D23-9CB5-20C354DEA08A}.Debug|x64.ActiveCfg = Debug|Any CPU
		{7CCDDBAB-B1AD-4D23-9CB5-20C354DEA08A}.Debug|x64.Build.0 = Debug|Any CPU
		{7CCDDBAB-B1AD-4D23-9CB5-20C354DEA08A}.Debug|x86.ActiveCfg = Debug|Any CPU
		{7CCDDBAB-B1AD-4D23-9CB5-20C354DEA08A}.Debug|x86.Build.0 = Debug|Any CPU
		{7CCDDBAB-B1AD-4D23-9CB5-20C354DEA08A}.Release|Any CPU.ActiveCfg = Release|Any CPU
		{7CCDDBAB-B1AD-4D23-9CB5-20C354DEA08A}.Release|Any CPU.Build.0 = Release|Any CPU
		{7CCDDBAB-B1AD-4D23-9CB5-20C354DEA08A}.Release|x64.ActiveCfg = Release|Any CPU
		{7CCDDBAB-B1AD-4D23-9CB5-20C354DEA08A}.Release|x64.Build.0 = Release|Any CPU
		{7CCDDBAB-B1AD-4D23-9CB5-20C354DEA08A}.Release|x86.ActiveCfg = Release|Any CPU
		{7CCDDBAB-B1AD-4D23-9CB5-20C354DEA08A}.Release|x86.Build.0 = Release|Any CPU
		{06996386-356F-4D02-8FF6-0F2FEF01A7E3}.Debug|Any CPU.ActiveCfg = Debug|Any CPU
		{06996386-356F-4D02-8FF6-0F2FEF01A7E3}.Debug|Any CPU.Build.0 = Debug|Any CPU
		{06996386-356F-4D02-8FF6-0F2FEF01A7E3}.Debug|x64.ActiveCfg = Debug|Any CPU
		{06996386-356F-4D02-8FF6-0F2FEF01A7E3}.Debug|x64.Build.0 = Debug|Any CPU
		{06996386-356F-4D02-8FF6-0F2FEF01A7E3}.Debug|x86.ActiveCfg = Debug|Any CPU
		{06996386-356F-4D02-8FF6-0F2FEF01A7E3}.Debug|x86.Build.0 = Debug|Any CPU
		{06996386-356F-4D02-8FF6-0F2FEF01A7E3}.Release|Any CPU.ActiveCfg = Release|Any CPU
		{06996386-356F-4D02-8FF6-0F2FEF01A7E3}.Release|Any CPU.Build.0 = Release|Any CPU
		{06996386-356F-4D02-8FF6-0F2FEF01A7E3}.Release|x64.ActiveCfg = Release|Any CPU
		{06996386-356F-4D02-8FF6-0F2FEF01A7E3}.Release|x64.Build.0 = Release|Any CPU
		{06996386-356F-4D02-8FF6-0F2FEF01A7E3}.Release|x86.ActiveCfg = Release|Any CPU
		{06996386-356F-4D02-8FF6-0F2FEF01A7E3}.Release|x86.Build.0 = Release|Any CPU
	EndGlobalSection
	GlobalSection(SolutionProperties) = preSolution
		HideSolutionNode = FALSE
	EndGlobalSection
	GlobalSection(ExtensibilityGlobals) = postSolution
		SolutionGuid = {99207DC9-949B-458F-A943-5ED456C1B3A0}
	EndGlobalSection
EndGlobal
